
Microsoft Visual Studio Solution File, Format Version 12.00
# Visual Studio Version 16
VisualStudioVersion = 16.0.30406.217
MinimumVisualStudioVersion = 10.0.40219.1
Project("{FAE04EC0-301F-11D3-BF4B-00C04F79EFBC}") = "Practice", "Practice\Practice.csproj", "{7602BD05-F742-4EC3-A7BF-E59489CBEE85}"
EndProject
Global
	GlobalSection(SolutionConfigurationPlatforms) = preSolution
		Debug|Any CPU = Debug|Any CPU
		Release|Any CPU = Release|Any CPU
	EndGlobalSection
	GlobalSection(ProjectConfigurationPlatforms) = postSolution
		{7602BD05-F742-4EC3-A7BF-E59489CBEE85}.Debug|Any CPU.ActiveCfg = Debug|Any CPU
		{7602BD05-F742-4EC3-A7BF-E59489CBEE85}.Debug|Any CPU.Build.0 = Debug|Any CPU
		{7602BD05-F742-4EC3-A7BF-E59489CBEE85}.Release|Any CPU.ActiveCfg = Release|Any CPU
		{7602BD05-F742-4EC3-A7BF-E59489CBEE85}.Release|Any CPU.Build.0 = Release|Any CPU
	EndGlobalSection
	GlobalSection(SolutionProperties) = preSolution
		HideSolutionNode = FALSE
	EndGlobalSection
	GlobalSection(ExtensibilityGlobals) = postSolution
		SolutionGuid = {66316A95-241E-4DE2-9431-913DC5F8C034}
	EndGlobalSection
EndGlobal
